Microsoft Visual Studio Solution File, Format Version 12.00
# Visual Studio 2012
Project("{FAE04EC0-301F-11D3-BF4B-00C04F79EFBC}") = "second_godot_proj", "second_godot_proj.csproj", "{BB84788F-B992-42A8-9900-821915EE6002}"
EndProject
Global
	GlobalSection(SolutionConfigurationPlatforms) = preSolution
	Debug|Any CPU = Debug|Any CPU
	ExportDebug|Any CPU = ExportDebug|Any CPU
	ExportRelease|Any CPU = ExportRelease|Any CPU
	EndGlobalSection
	GlobalSection(ProjectConfigurationPlatforms) = postSolution
		{BB84788F-B992-42A8-9900-821915EE6002}.Debug|Any CPU.ActiveCfg = Debug|Any CPU
		{BB84788F-B992-42A8-9900-821915EE6002}.Debug|Any CPU.Build.0 = Debug|Any CPU
		{BB84788F-B992-42A8-9900-821915EE6002}.ExportDebug|Any CPU.ActiveCfg = ExportDebug|Any CPU
		{BB84788F-B992-42A8-9900-821915EE6002}.ExportDebug|Any CPU.Build.0 = ExportDebug|Any CPU
		{BB84788F-B992-42A8-9900-821915EE6002}.ExportRelease|Any CPU.ActiveCfg = ExportRelease|Any CPU
		{BB84788F-B992-42A8-9900-821915EE6002}.ExportRelease|Any CPU.Build.0 = ExportRelease|Any CPU
	EndGlobalSection
EndGlobal
